game: ''
github: https://github.com/gjgfuj/SlotLock
versions:
  0.6.4:
    download_url: https://github.com/gjgfuj/SlotLock/releases/download/v0.6.4/slotlock.apworld
    size: 35127
    source_url: https://api.github.com/repos/gjgfuj/SlotLock
    version_simple: 0.6.4
    world_version: 0.6.4
  slotlock0.3.0:
    download_url: https://github.com/gjgfuj/SlotLock/releases/download/slotlockv0.3.0/slotlock.apworld
    size: 14183
    source_url: https://api.github.com/repos/gjgfuj/SlotLock
    version_simple: 0.3.0
    world_version: slotlock0.3.0
  slotlock0.3.2:
    download_url: https://github.com/gjgfuj/SlotLock/releases/download/slotlockv0.3.2/slotlock.apworld
    size: 14785
    source_url: https://api.github.com/repos/gjgfuj/SlotLock
    version_simple: 0.3.2
    world_version: slotlock0.3.2
  slotlock0.4.0:
    download_url: https://github.com/gjgfuj/SlotLock/releases/download/slotlockv0.4.0/slotlock.apworld
    size: 17402
    source_url: https://api.github.com/repos/gjgfuj/SlotLock
    version_simple: 0.4.0
    world_version: slotlock0.4.0
  slotlock0.5.0:
    download_url: https://github.com/gjgfuj/SlotLock/releases/download/slotlockv0.5.0/slotlock.apworld
    size: 18625
    source_url: https://api.github.com/repos/gjgfuj/SlotLock
    version_simple: 0.5.0
    world_version: slotlock0.5.0
  slotlock0.5.1:
    download_url: https://github.com/gjgfuj/SlotLock/releases/download/slotlockv0.5.1/slotlock.apworld
    size: 18814
    source_url: https://api.github.com/repos/gjgfuj/SlotLock
    version_simple: 0.5.1
    world_version: slotlock0.5.1
  slotlock0.5.2:
    download_url: https://github.com/gjgfuj/SlotLock/releases/download/slotlockv0.5.2/slotlock.apworld
    size: 19207
    source_url: https://api.github.com/repos/gjgfuj/SlotLock
    version_simple: 0.5.2
    world_version: slotlock0.5.2
  slotlock0.5.3:
    download_url: https://github.com/gjgfuj/SlotLock/releases/download/slotlockv0.5.3/slotlock.apworld
    size: 19453
    source_url: https://api.github.com/repos/gjgfuj/SlotLock
    version_simple: 0.5.3
    world_version: slotlock0.5.3
  slotlock0.5.4:
    download_url: https://github.com/gjgfuj/SlotLock/releases/download/slotlockv0.5.4/slotlock.apworld
    size: 19648
    source_url: https://api.github.com/repos/gjgfuj/SlotLock
    version_simple: 0.5.4
    world_version: slotlock0.5.4
  slotlock0.5.5:
    download_url: https://github.com/gjgfuj/SlotLock/releases/download/slotlockv0.5.5/slotlock.apworld
    size: 30575
    source_url: https://api.github.com/repos/gjgfuj/SlotLock
    version_simple: 0.5.5
    world_version: slotlock0.5.5
  slotlock0.6.0:
    download_url: https://github.com/gjgfuj/SlotLock/releases/download/slotlockv0.6.0/slotlock.apworld
    size: 31085
    source_url: https://api.github.com/repos/gjgfuj/SlotLock
    version_simple: 0.6.0
    world_version: slotlock0.6.0
  slotlock0.6.1:
    download_url: https://github.com/gjgfuj/SlotLock/releases/download/slotlockv0.6.1/slotlock.apworld
    size: 33914
    source_url: https://api.github.com/repos/gjgfuj/SlotLock
    version_simple: 0.6.1
    world_version: slotlock0.6.1
  slotlock0.6.2:
    download_url: https://github.com/gjgfuj/SlotLock/releases/download/slotlockv0.6.2/slotlock.apworld
    size: 34115
    source_url: https://api.github.com/repos/gjgfuj/SlotLock
    version_simple: 0.6.2
    world_version: slotlock0.6.2
  slotlock0.6.3:
    download_url: https://github.com/gjgfuj/SlotLock/releases/download/slotlockv0.6.3/slotlock.apworld
    size: 34778
    source_url: https://api.github.com/repos/gjgfuj/SlotLock
    version_simple: 0.6.3
    world_version: slotlock0.6.3
  slotlock0.7.0:
    download_url: https://github.com/gjgfuj/SlotLock/releases/download/slotlockv0.7.0/slotlock.apworld
    size: 35402
    source_url: https://api.github.com/repos/gjgfuj/SlotLock
    version_simple: 0.7.0
    world_version: slotlock0.7.0
  slotlock0.7.1:
    download_url: https://github.com/gjgfuj/SlotLock/releases/download/slotlockv0.7.1/slotlock.apworld
    size: 36789
    source_url: https://api.github.com/repos/gjgfuj/SlotLock
    version_simple: 0.7.1
    world_version: slotlock0.7.1
  slotlock0.7.2:
    download_url: https://github.com/gjgfuj/SlotLock/releases/download/slotlockv0.7.2/slotlock.apworld
    size: 37516
    source_url: https://api.github.com/repos/gjgfuj/SlotLock
    version_simple: 0.7.2
    world_version: slotlock0.7.2
  slotlock0.8.0:
    download_url: https://github.com/gjgfuj/SlotLock/releases/download/slotlockv0.8.0/slotlock.apworld
    size: 41602
    source_url: https://api.github.com/repos/gjgfuj/SlotLock
    version_simple: 0.8.0
    world_version: slotlock0.8.0
  slotlock0.8.1:
    download_url: https://github.com/gjgfuj/SlotLock/releases/download/slotlockv0.8.1/slotlock.apworld
    size: 42810
    source_url: https://api.github.com/repos/gjgfuj/SlotLock
    version_simple: 0.8.1
    world_version: slotlock0.8.1
  slotlock0.9.0:
    download_url: https://github.com/gjgfuj/SlotLock/releases/download/slotlockv0.9.0/slotlock.apworld
    size: 43499
    source_url: https://api.github.com/repos/gjgfuj/SlotLock
    version_simple: 0.9.0
    world_version: slotlock0.9.0
  slotlock0.9.1:
    download_url: https://github.com/gjgfuj/SlotLock/releases/download/slotlockv0.9.1/slotlock.apworld
    size: 43461
    source_url: https://api.github.com/repos/gjgfuj/SlotLock
    version_simple: 0.9.1
    world_version: slotlock0.9.1
