game: ''
github: https://github.com/gjgfuj/SlotLock
versions:
  0.6.4:
    created_at: '2024-12-30T09:43:21Z'
    download_url: https://github.com/gjgfuj/SlotLock/releases/download/v0.6.4/slotlock.apworld
    size: 35127
    source_url: https://api.github.com/repos/gjgfuj/SlotLock
    version_simple: 0.6.4
    world_version: 0.6.4
  slotlock0.3.0:
    created_at: '2024-12-18T02:29:23Z'
    download_url: https://github.com/gjgfuj/SlotLock/releases/download/slotlockv0.3.0/slotlock.apworld
    size: 14183
    source_url: https://api.github.com/repos/gjgfuj/SlotLock
    version_simple: 0.3.0
    world_version: slotlock0.3.0
  slotlock0.3.2:
    created_at: '2024-12-18T03:04:45Z'
    download_url: https://github.com/gjgfuj/SlotLock/releases/download/slotlockv0.3.2/slotlock.apworld
    size: 14785
    source_url: https://api.github.com/repos/gjgfuj/SlotLock
    version_simple: 0.3.2
    world_version: slotlock0.3.2
  slotlock0.4.0:
    created_at: '2024-12-18T05:27:59Z'
    download_url: https://github.com/gjgfuj/SlotLock/releases/download/slotlockv0.4.0/slotlock.apworld
    size: 17402
    source_url: https://api.github.com/repos/gjgfuj/SlotLock
    version_simple: 0.4.0
    world_version: slotlock0.4.0
  slotlock0.5.0:
    created_at: '2024-12-21T09:53:20Z'
    download_url: https://github.com/gjgfuj/SlotLock/releases/download/slotlockv0.5.0/slotlock.apworld
    size: 18625
    source_url: https://api.github.com/repos/gjgfuj/SlotLock
    version_simple: 0.5.0
    world_version: slotlock0.5.0
  slotlock0.5.1:
    created_at: '2024-12-21T12:43:42Z'
    download_url: https://github.com/gjgfuj/SlotLock/releases/download/slotlockv0.5.1/slotlock.apworld
    size: 18814
    source_url: https://api.github.com/repos/gjgfuj/SlotLock
    version_simple: 0.5.1
    world_version: slotlock0.5.1
  slotlock0.5.2:
    created_at: '2024-12-21T13:28:13Z'
    download_url: https://github.com/gjgfuj/SlotLock/releases/download/slotlockv0.5.2/slotlock.apworld
    size: 19207
    source_url: https://api.github.com/repos/gjgfuj/SlotLock
    version_simple: 0.5.2
    world_version: slotlock0.5.2
  slotlock0.5.3:
    created_at: '2024-12-21T13:52:45Z'
    download_url: https://github.com/gjgfuj/SlotLock/releases/download/slotlockv0.5.3/slotlock.apworld
    size: 19453
    source_url: https://api.github.com/repos/gjgfuj/SlotLock
    version_simple: 0.5.3
    world_version: slotlock0.5.3
  slotlock0.5.4:
    created_at: '2024-12-23T04:11:36Z'
    download_url: https://github.com/gjgfuj/SlotLock/releases/download/slotlockv0.5.4/slotlock.apworld
    size: 19648
    source_url: https://api.github.com/repos/gjgfuj/SlotLock
    version_simple: 0.5.4
    world_version: slotlock0.5.4
  slotlock0.5.5:
    created_at: '2024-12-23T10:13:01Z'
    download_url: https://github.com/gjgfuj/SlotLock/releases/download/slotlockv0.5.5/slotlock.apworld
    size: 30575
    source_url: https://api.github.com/repos/gjgfuj/SlotLock
    version_simple: 0.5.5
    world_version: slotlock0.5.5
  slotlock0.6.0:
    created_at: '2024-12-27T02:52:51Z'
    download_url: https://github.com/gjgfuj/SlotLock/releases/download/slotlockv0.6.0/slotlock.apworld
    size: 31085
    source_url: https://api.github.com/repos/gjgfuj/SlotLock
    version_simple: 0.6.0
    world_version: slotlock0.6.0
  slotlock0.6.1:
    created_at: '2024-12-27T13:29:34Z'
    download_url: https://github.com/gjgfuj/SlotLock/releases/download/slotlockv0.6.1/slotlock.apworld
    size: 33914
    source_url: https://api.github.com/repos/gjgfuj/SlotLock
    version_simple: 0.6.1
    world_version: slotlock0.6.1
  slotlock0.6.2:
    created_at: '2024-12-28T01:23:15Z'
    download_url: https://github.com/gjgfuj/SlotLock/releases/download/slotlockv0.6.2/slotlock.apworld
    size: 34115
    source_url: https://api.github.com/repos/gjgfuj/SlotLock
    version_simple: 0.6.2
    world_version: slotlock0.6.2
  slotlock0.6.3:
    created_at: '2024-12-28T07:54:33Z'
    download_url: https://github.com/gjgfuj/SlotLock/releases/download/slotlockv0.6.3/slotlock.apworld
    size: 34778
    source_url: https://api.github.com/repos/gjgfuj/SlotLock
    version_simple: 0.6.3
    world_version: slotlock0.6.3
  slotlock0.7.0:
    created_at: '2024-12-31T03:03:14Z'
    download_url: https://github.com/gjgfuj/SlotLock/releases/download/slotlockv0.7.0/slotlock.apworld
    size: 35402
    source_url: https://api.github.com/repos/gjgfuj/SlotLock
    version_simple: 0.7.0
    world_version: slotlock0.7.0
  slotlock0.7.1:
    created_at: '2025-01-03T23:16:04Z'
    download_url: https://github.com/gjgfuj/SlotLock/releases/download/slotlockv0.7.1/slotlock.apworld
    size: 36789
    source_url: https://api.github.com/repos/gjgfuj/SlotLock
    version_simple: 0.7.1
    world_version: slotlock0.7.1
  slotlock0.7.2:
    created_at: '2025-01-05T00:31:23Z'
    download_url: https://github.com/gjgfuj/SlotLock/releases/download/slotlockv0.7.2/slotlock.apworld
    size: 37516
    source_url: https://api.github.com/repos/gjgfuj/SlotLock
    version_simple: 0.7.2
    world_version: slotlock0.7.2
  slotlock0.8.0:
    created_at: '2025-01-11T06:18:32Z'
    download_url: https://github.com/gjgfuj/SlotLock/releases/download/slotlockv0.8.0/slotlock.apworld
    size: 41602
    source_url: https://api.github.com/repos/gjgfuj/SlotLock
    version_simple: 0.8.0
    world_version: slotlock0.8.0
  slotlock0.8.1:
    created_at: '2025-01-23T23:42:59Z'
    download_url: https://github.com/gjgfuj/SlotLock/releases/download/slotlockv0.8.1/slotlock.apworld
    size: 42810
    source_url: https://api.github.com/repos/gjgfuj/SlotLock
    version_simple: 0.8.1
    world_version: slotlock0.8.1
  slotlock0.9.0:
    created_at: '2025-01-26T03:08:54Z'
    download_url: https://github.com/gjgfuj/SlotLock/releases/download/slotlockv0.9.0/slotlock.apworld
    size: 43499
    source_url: https://api.github.com/repos/gjgfuj/SlotLock
    version_simple: 0.9.0
    world_version: slotlock0.9.0
  slotlock0.9.1:
    created_at: '2025-02-12T23:30:55Z'
    download_url: https://github.com/gjgfuj/SlotLock/releases/download/slotlockv0.9.1/slotlock.apworld
    size: 43461
    source_url: https://api.github.com/repos/gjgfuj/SlotLock
    version_simple: 0.9.1
    world_version: slotlock0.9.1
